
Microsoft Visual Studio Solution File, Format Version 12.00
# Visual Studio Version 17
VisualStudioVersion = 17.11.35222.181
MinimumVisualStudioVersion = 10.0.40219.1
Project("{FAE04EC0-301F-11D3-BF4B-00C04F79EFBC}") = "BelajarCRUD", "BelajarCRUD.csproj", "{F40CBD5B-8345-455B-93C3-F4322D4ACA82}"
EndProject
Global
	GlobalSection(SolutionConfigurationPlatforms) = preSolution
		Debug|Any CPU = Debug|Any CPU
		Release|Any CPU = Release|Any CPU
	EndGlobalSection
	GlobalSection(ProjectConfigurationPlatforms) = postSolution
		{F40CBD5B-8345-455B-93C3-F4322D4ACA82}.Debug|Any CPU.ActiveCfg = Debug|Any CPU
		{F40CBD5B-8345-455B-93C3-F4322D4ACA82}.Debug|Any CPU.Build.0 = Debug|Any CPU
		{F40CBD5B-8345-455B-93C3-F4322D4ACA82}.Release|Any CPU.ActiveCfg = Release|Any CPU
		{F40CBD5B-8345-455B-93C3-F4322D4ACA82}.Release|Any CPU.Build.0 = Release|Any CPU
	EndGlobalSection
	GlobalSection(SolutionProperties) = preSolution
		HideSolutionNode = FALSE
	EndGlobalSection
	GlobalSection(ExtensibilityGlobals) = postSolution
		SolutionGuid = {FAECB2F1-66EC-42AB-BC19-F3C300371B8C}
	EndGlobalSection
EndGlobal
